
Microsoft Visual Studio Solution File, Format Version 12.00
# Visual Studio Version 16
VisualStudioVersion = 16.0.29613.14
MinimumVisualStudioVersion = 10.0.40219.1
Project("{9A19103F-16F7-4668-BE54-9A1E7A4F7556}") = "ArkSavegameToolkitNet", "ArkSavegameToolkitNet\ArkSavegameToolkitNet.csproj", "{DDC34A84-C1EF-47C5-B5E0-614FF7D71D4F}"
EndProject
Project("{9A19103F-16F7-4668-BE54-9A1E7A4F7556}") = "ArkSavegameToolkitNet.Domain", "ArkSavegameToolkitNet.Domain\ArkSavegameToolkitNet.Domain.csproj", "{B196D7D5-56A0-4E91-8016-B3B1BB8C9D46}"
EndProject
Project("{FAE04EC0-301F-11D3-BF4B-00C04F79EFBC}") = "ArkSavegameToolkitNet.TestConsoleApp", "ArkSavegameToolkitNet.TestConsoleApp\ArkSavegameToolkitNet.TestConsoleApp.csproj", "{FA057449-B55A-4FC7-BAD8-F86A52150089}"
EndProject
Global
	GlobalSection(SolutionConfigurationPlatforms) = preSolution
		Debug|Any CPU = Debug|Any CPU
		Release|Any CPU = Release|Any CPU
	EndGlobalSection
	GlobalSection(ProjectConfigurationPlatforms) = postSolution
		{DDC34A84-C1EF-47C5-B5E0-614FF7D71D4F}.Debug|Any CPU.ActiveCfg = Debug|Any CPU
		{DDC34A84-C1EF-47C5-B5E0-614FF7D71D4F}.Debug|Any CPU.Build.0 = Debug|Any CPU
		{DDC34A84-C1EF-47C5-B5E0-614FF7D71D4F}.Release|Any CPU.ActiveCfg = Release|Any CPU
		{DDC34A84-C1EF-47C5-B5E0-614FF7D71D4F}.Release|Any CPU.Build.0 = Release|Any CPU
		{B196D7D5-56A0-4E91-8016-B3B1BB8C9D46}.Debug|Any CPU.ActiveCfg = Debug|Any CPU
		{B196D7D5-56A0-4E91-8016-B3B1BB8C9D46}.Debug|Any CPU.Build.0 = Debug|Any CPU
		{B196D7D5-56A0-4E91-8016-B3B1BB8C9D46}.Release|Any CPU.ActiveCfg = Release|Any CPU
		{B196D7D5-56A0-4E91-8016-B3B1BB8C9D46}.Release|Any CPU.Build.0 = Release|Any CPU
		{FA057449-B55A-4FC7-BAD8-F86A52150089}.Debug|Any CPU.ActiveCfg = Debug|Any CPU
		{FA057449-B55A-4FC7-BAD8-F86A52150089}.Debug|Any CPU.Build.0 = Debug|Any CPU
		{FA057449-B55A-4FC7-BAD8-F86A52150089}.Release|Any CPU.ActiveCfg = Release|Any CPU
		{FA057449-B55A-4FC7-BAD8-F86A52150089}.Release|Any CPU.Build.0 = Release|Any CPU
	EndGlobalSection
	GlobalSection(SolutionProperties) = preSolution
		HideSolutionNode = FALSE
	EndGlobalSection
	GlobalSection(ExtensibilityGlobals) = postSolution
		SolutionGuid = {FC9F00F6-7A3C-4A5C-8777-D710A4E3BDDC}
	EndGlobalSection
EndGlobal
